
Microsoft Visual Studio Solution File, Format Version 12.00
# Visual Studio Version 17
VisualStudioVersion = 17.7.34202.233
MinimumVisualStudioVersion = 10.0.40219.1
Project("{FAE04EC0-301F-11D3-BF4B-00C04F79EFBC}") = "SOLID", "SOLID\SOLID.csproj", "{B9978EC1-1D4D-4DDD-B5B9-FC98E929DD00}"
EndProject
Global
	GlobalSection(SolutionConfigurationPlatforms) = preSolution
		Debug|Any CPU = Debug|Any CPU
		Release|Any CPU = Release|Any CPU
	EndGlobalSection
	GlobalSection(ProjectConfigurationPlatforms) = postSolution
		{B9978EC1-1D4D-4DDD-B5B9-FC98E929DD00}.Debug|Any CPU.ActiveCfg = Debug|Any CPU
		{B9978EC1-1D4D-4DDD-B5B9-FC98E929DD00}.Debug|Any CPU.Build.0 = Debug|Any CPU
		{B9978EC1-1D4D-4DDD-B5B9-FC98E929DD00}.Release|Any CPU.ActiveCfg = Release|Any CPU
		{B9978EC1-1D4D-4DDD-B5B9-FC98E929DD00}.Release|Any CPU.Build.0 = Release|Any CPU
	EndGlobalSection
	GlobalSection(SolutionProperties) = preSolution
		HideSolutionNode = FALSE
	EndGlobalSection
	GlobalSection(ExtensibilityGlobals) = postSolution
		SolutionGuid = {61BF2CB5-40BD-45B2-AE28-1A7549C2293C}
	EndGlobalSection
EndGlobal
